// !$*UTF8*$!
{
	archiveVersion = 1;
	classes = {
	};
	objectVersion = 46;
	objects = {

/* Begin PBXBuildFile section */
		3B16B9741EF0BE8300DD0E68 /* main.m in Sources */ = {isa = PBXBuildFile; fileRef = 3B16B9731EF0BE8300DD0E68 /* main.m */; };
		3B16B9771EF0BE8300DD0E68 /* AppDelegate.m in Sources */ = {isa = PBXBuildFile; fileRef = 3B16B9761EF0BE8300DD0E68 /* AppDelegate.m */; };
		3B16B97A1EF0BE8300DD0E68 /* ViewController.m in Sources */ = {isa = PBXBuildFile; fileRef = 3B16B9791EF0BE8300DD0E68 /* ViewController.m */; };
		3B16B97D1EF0BE8300DD0E68 /* Main.storyboard in Resources */ = {isa = PBXBuildFile; fileRef = 3B16B97B1EF0BE8300DD0E68 /* Main.storyboard */; };
		3B16B97F1EF0BE8300DD0E68 /* Assets.xcassets in Resources */ = {isa = PBXBuildFile; fileRef = 3B16B97E1EF0BE8300DD0E68 /* Assets.xcassets */; };
		3B16B9821EF0BE8300DD0E68 /* LaunchScreen.storyboard in Resources */ = {isa = PBXBuildFile; fileRef = 3B16B9801EF0BE8300DD0E68 /* LaunchScreen.storyboard */; };
		6EDA3E6F4722C675E1BD97C5 /* Pods_TapResearchDemo.framework in Frameworks */ = {isa = PBXBuildFile; fileRef = 079B9497C8828C2619D25698 /* Pods_TapResearchDemo.framework */; };
/* End PBXBuildFile section */

/* Begin PBXCopyFilesBuildPhase section */
		A6179158273C728A005889CD /* Embed Frameworks */ = {
			isa = PBXCopyFilesBuildPhase;
			buildActionMask = 2147483647;
			dstPath = "";
			dstSubfolderSpec = 10;
			files = (
			);
			name = "Embed Frameworks";
			runOnlyForDeploymentPostprocessing = 0;
		};
/* End PBXCopyFilesBuildPhase section */

/* Begin PBXFileReference section */
		079B9497C8828C2619D25698 /* Pods_TapResearchDemo.framework */ = {isa = PBXFileReference; explicitFileType = wrapper.framework; includeInIndex = 0; path = Pods_TapResearchDemo.framework; sourceTree = BUILT_PRODUCTS_DIR; };
		3B16B9701EF0BE8300DD0E68 /* TapResearchDemo.app */ = {isa = PBXFileReference; explicitFileType = wrapper.application; includeInIndex = 0; path = TapResearchDemo.app; sourceTree = BUILT_PRODUCTS_DIR; };
		3B16B9731EF0BE8300DD0E68 /* main.m */ = {isa = PBXFileReference; lastKnownFileType = sourcecode.c.objc; path = main.m; sourceTree = "<group>"; };
		3B16B9751EF0BE8300DD0E68 /* AppDelegate.h */ = {isa = PBXFileReference; lastKnownFileType = sourcecode.c.h; path = AppDelegate.h; sourceTree = "<group>"; };
		3B16B9761EF0BE8300DD0E68 /* AppDelegate.m */ = {isa = PBXFileReference; lastKnownFileType = sourcecode.c.objc; path = AppDelegate.m; sourceTree = "<group>"; };
		3B16B9781EF0BE8300DD0E68 /* ViewController.h */ = {isa = PBXFileReference; lastKnownFileType = sourcecode.c.h; path = ViewController.h; sourceTree = "<group>"; };
		3B16B9791EF0BE8300DD0E68 /* ViewController.m */ = {isa = PBXFileReference; lastKnownFileType = sourcecode.c.objc; path = ViewController.m; sourceTree = "<group>"; };
		3B16B97C1EF0BE8300DD0E68 /* Base */ = {isa = PBXFileReference; lastKnownFileType = file.storyboard; name = Base; path = Base.lproj/Main.storyboard; sourceTree = "<group>"; };
		3B16B97E1EF0BE8300DD0E68 /* Assets.xcassets */ = {isa = PBXFileReference; lastKnownFileType = folder.assetcatalog; path = Assets.xcassets; sourceTree = "<group>"; };
		3B16B9811EF0BE8300DD0E68 /* Base */ = {isa = PBXFileReference; lastKnownFileType = file.storyboard; name = Base; path = Base.lproj/LaunchScreen.storyboard; sourceTree = "<group>"; };
		3B16B9831EF0BE8300DD0E68 /* Info.plist */ = {isa = PBXFileReference; lastKnownFileType = text.plist.xml; path = Info.plist; sourceTree = "<group>"; };
		628BD431DAC5C5C68026015E /* Pods-TapResearchDemo.release.xcconfig */ = {isa = PBXFileReference; includeInIndex = 1; lastKnownFileType = text.xcconfig; name = "Pods-TapResearchDemo.release.xcconfig"; path = "Target Support Files/Pods-TapResearchDemo/Pods-TapResearchDemo.release.xcconfig"; sourceTree = "<group>"; };
		BB802E0863DA84EE14A99BE7 /* Pods-TapResearchDemo.debug.xcconfig */ = {isa = PBXFileReference; includeInIndex = 1; lastKnownFileType = text.xcconfig; name = "Pods-TapResearchDemo.debug.xcconfig"; path = "Target Support Files/Pods-TapResearchDemo/Pods-TapResearchDemo.debug.xcconfig"; sourceTree = "<group>"; };
/* End PBXFileReference section */

/* Begin PBXFrameworksBuildPhase section */
		3B16B96D1EF0BE8300DD0E68 /* Frameworks */ = {
			isa = PBXFrameworksBuildPhase;
			buildActionMask = 2147483647;
			files = (
				6EDA3E6F4722C675E1BD97C5 /* Pods_TapResearchDemo.framework in Frameworks */,
			);
			runOnlyForDeploymentPostprocessing = 0;
		};
/* End PBXFrameworksBuildPhase section */

/* Begin PBXGroup section */
		3B16B9711EF0BE8300DD0E68 /* TapResearchDemo */ = {
			isa = PBXGroup;
			children = (
				3B16B9751EF0BE8300DD0E68 /* AppDelegate.h */,
				3B16B9761EF0BE8300DD0E68 /* AppDelegate.m */,
				3B16B9781EF0BE8300DD0E68 /* ViewController.h */,
				3B16B9791EF0BE8300DD0E68 /* ViewController.m */,
				3B16B97B1EF0BE8300DD0E68 /* Main.storyboard */,
				3B16B97E1EF0BE8300DD0E68 /* Assets.xcassets */,
				3B16B9801EF0BE8300DD0E68 /* LaunchScreen.storyboard */,
				3B16B9831EF0BE8300DD0E68 /* Info.plist */,
				3B16B9721EF0BE8300DD0E68 /* Supporting Files */,
			);
			path = TapResearchDemo;
			sourceTree = "<group>";
		};
		3B16B9721EF0BE8300DD0E68 /* Supporting Files */ = {
			isa = PBXGroup;
			children = (
				3B16B9731EF0BE8300DD0E68 /* main.m */,
			);
			name = "Supporting Files";
			sourceTree = "<group>";
		};
		3BAA5ECD1ED38D5700587E73 = {
			isa = PBXGroup;
			children = (
				3B16B9711EF0BE8300DD0E68 /* TapResearchDemo */,
				3BAA5ED71ED38D5700587E73 /* Products */,
				9DDEA676DC1C1CF8B731C5E7 /* Pods */,
				9965E4522F46B360013EF56E /* Frameworks */,
			);
			sourceTree = "<group>";
		};
		3BAA5ED71ED38D5700587E73 /* Products */ = {
			isa = PBXGroup;
			children = (
				3B16B9701EF0BE8300DD0E68 /* TapResearchDemo.app */,
			);
			name = Products;
			sourceTree = "<group>";
		};
		9965E4522F46B360013EF56E /* Frameworks */ = {
			isa = PBXGroup;
			children = (
				079B9497C8828C2619D25698 /* Pods_TapResearchDemo.framework */,
			);
			name = Frameworks;
			sourceTree = "<group>";
		};
		9DDEA676DC1C1CF8B731C5E7 /* Pods */ = {
			isa = PBXGroup;
			children = (
				BB802E0863DA84EE14A99BE7 /* Pods-TapResearchDemo.debug.xcconfig */,
				628BD431DAC5C5C68026015E /* Pods-TapResearchDemo.release.xcconfig */,
			);
			path = Pods;
			sourceTree = "<group>";
		};
/* End PBXGroup section */

/* Begin PBXNativeTarget section */
		3B16B96F1EF0BE8300DD0E68 /* TapResearchDemo */ = {
			isa = PBXNativeTarget;
			buildConfigurationList = 3B16B9841EF0BE8300DD0E68 /* Build configuration list for PBXNativeTarget "TapResearchDemo" */;
			buildPhases = (
				F4921DD48A1CA42CE1239E7D /* [CP] Check Pods Manifest.lock */,
				3B16B96C1EF0BE8300DD0E68 /* Sources */,
				3B16B96D1EF0BE8300DD0E68 /* Frameworks */,
				3B16B96E1EF0BE8300DD0E68 /* Resources */,
				A6179158273C728A005889CD /* Embed Frameworks */,
				98B95712867DE123310B2299 /* [CP] Embed Pods Frameworks */,
			);
			buildRules = (
			);
			dependencies = (
			);
			name = TapResearchDemo;
			productName = TapResearchDemo;
			productReference = 3B16B9701EF0BE8300DD0E68 /* TapResearchDemo.app */;
			productType = "com.apple.product-type.application";
		};
/* End PBXNativeTarget section */

/* Begin PBXProject section */
		3BAA5ECE1ED38D5700587E73 /* Project object */ = {
			isa = PBXProject;
			attributes = {
				LastUpgradeCheck = 1320;
				ORGANIZATIONNAME = "Ilan Caspi";
				TargetAttributes = {
					3B16B96F1EF0BE8300DD0E68 = {
						CreatedOnToolsVersion = 8.3.3;
						DevelopmentTeam = DXXY8ZYPTW;
						ProvisioningStyle = Automatic;
					};
				};
			};
			buildConfigurationList = 3BAA5ED11ED38D5700587E73 /* Build configuration list for PBXProject "TapResearchDemo" */;
			compatibilityVersion = "Xcode 3.2";
			developmentRegion = en;
			hasScannedForEncodings = 0;
			knownRegions = (
				en,
				Base,
			);
			mainGroup = 3BAA5ECD1ED38D5700587E73;
			productRefGroup = 3BAA5ED71ED38D5700587E73 /* Products */;
			projectDirPath = "";
			projectRoot = "";
			targets = (
				3B16B96F1EF0BE8300DD0E68 /* TapResearchDemo */,
			);
		};
/* End PBXProject section */

/* Begin PBXResourcesBuildPhase section */
		3B16B96E1EF0BE8300DD0E68 /* Resources */ = {
			isa = PBXResourcesBuildPhase;
			buildActionMask = 2147483647;
			files = (
				3B16B9821EF0BE8300DD0E68 /* LaunchScreen.storyboard in Resources */,
				3B16B97F1EF0BE8300DD0E68 /* Assets.xcassets in Resources */,
				3B16B97D1EF0BE8300DD0E68 /* Main.storyboard in Resources */,
			);
			runOnlyForDeploymentPostprocessing = 0;
		};
/* End PBXResourcesBuildPhase section */

/* Begin PBXShellScriptBuildPhase section */
		98B95712867DE123310B2299 /* [CP] Embed Pods Frameworks */ = {
			isa = PBXShellScriptBuildPhase;
			buildActionMask = 2147483647;
			files = (
			);
			inputPaths = (
				"${PODS_ROOT}/Target Support Files/Pods-TapResearchDemo/Pods-TapResearchDemo-frameworks.sh",
				"${PODS_XCFRAMEWORKS_BUILD_DIR}/TapResearch/TapResearchSDK.framework/TapResearchSDK",
			);
			name = "[CP] Embed Pods Frameworks";
			outputPaths = (
				"${TARGET_BUILD_DIR}/${FRAMEWORKS_FOLDER_PATH}/TapResearchSDK.framework",
			);
			runOnlyForDeploymentPostprocessing = 0;
			shellPath = /bin/sh;
			shellScript = "\"${PODS_ROOT}/Target Support Files/Pods-TapResearchDemo/Pods-TapResearchDemo-frameworks.sh\"\n";
			showEnvVarsInLog = 0;
		};
		F4921DD48A1CA42CE1239E7D /* [CP] Check Pods Manifest.lock */ = {
			isa = PBXShellScriptBuildPhase;
			buildActionMask = 2147483647;
			files = (
			);
			inputFileListPaths = (
			);
			inputPaths = (
				"${PODS_PODFILE_DIR_PATH}/Podfile.lock",
				"${PODS_ROOT}/Manifest.lock",
			);
			name = "[CP] Check Pods Manifest.lock";
			outputFileListPaths = (
			);
			outputPaths = (
				"$(DERIVED_FILE_DIR)/Pods-TapResearchDemo-checkManifestLockResult.txt",
			);
			runOnlyForDeploymentPostprocessing = 0;
			shellPath = /bin/sh;
			shellScript = "diff \"${PODS_PODFILE_DIR_PATH}/Podfile.lock\" \"${PODS_ROOT}/Manifest.lock\" > /dev/null\nif [ $? != 0 ] ; then\n    # print error to STDERR\n    echo \"error: The sandbox is not in sync with the Podfile.lock. Run 'pod install' or update your CocoaPods installation.\" >&2\n    exit 1\nfi\n# This output is used by Xcode 'outputs' to avoid re-running this script phase.\necho \"SUCCESS\" > \"${SCRIPT_OUTPUT_FILE_0}\"\n";
			showEnvVarsInLog = 0;
		};
/* End PBXShellScriptBuildPhase section */

/* Begin PBXSourcesBuildPhase section */
		3B16B96C1EF0BE8300DD0E68 /* Sources */ = {
			isa = PBXSourcesBuildPhase;
			buildActionMask = 2147483647;
			files = (
				3B16B97A1EF0BE8300DD0E68 /* ViewController.m in Sources */,
				3B16B9771EF0BE8300DD0E68 /* AppDelegate.m in Sources */,
				3B16B9741EF0BE8300DD0E68 /* main.m in Sources */,
			);
			runOnlyForDeploymentPostprocessing = 0;
		};
/* End PBXSourcesBuildPhase section */

/* Begin PBXVariantGroup section */
		3B16B97B1EF0BE8300DD0E68 /* Main.storyboard */ = {
			isa = PBXVariantGroup;
			children = (
				3B16B97C1EF0BE8300DD0E68 /* Base */,
			);
			name = Main.storyboard;
			sourceTree = "<group>";
		};
		3B16B9801EF0BE8300DD0E68 /* LaunchScreen.storyboard */ = {
			isa = PBXVariantGroup;
			children = (
				3B16B9811EF0BE8300DD0E68 /* Base */,
			);
			name = LaunchScreen.storyboard;
			sourceTree = "<group>";
		};
/* End PBXVariantGroup section */

/* Begin XCBuildConfiguration section */
		3B16B9851EF0BE8300DD0E68 /* Debug */ = {
			isa = XCBuildConfiguration;
			baseConfigurationReference = BB802E0863DA84EE14A99BE7 /* Pods-TapResearchDemo.debug.xcconfig */;
			buildSettings = {
				ASSETCATALOG_COMPILER_APPICON_NAME = AppIcon;
				DEVELOPMENT_TEAM = DXXY8ZYPTW;
				INFOPLIST_FILE = TapResearchDemo/Info.plist;
				LD_RUNPATH_SEARCH_PATHS = "$(inherited) @executable_path/Frameworks";
				PRODUCT_BUNDLE_IDENTIFIER = TR.TapResearchDemo;
				PRODUCT_NAME = "$(TARGET_NAME)";
			};
			name = Debug;
		};
		3B16B9861EF0BE8300DD0E68 /* Release */ = {
			isa = XCBuildConfiguration;
			baseConfigurationReference = 628BD431DAC5C5C68026015E /* Pods-TapResearchDemo.release.xcconfig */;
			buildSettings = {
				ASSETCATALOG_COMPILER_APPICON_NAME = AppIcon;
				DEVELOPMENT_TEAM = DXXY8ZYPTW;
				INFOPLIST_FILE = TapResearchDemo/Info.plist;
				LD_RUNPATH_SEARCH_PATHS = "$(inherited) @executable_path/Frameworks";
				PRODUCT_BUNDLE_IDENTIFIER = TR.TapResearchDemo;
				PRODUCT_NAME = "$(TARGET_NAME)";
			};
			name = Release;
		};
		3BAA5EEB1ED38D5700587E73 /* Debug */ = {
			isa = XCBuildConfiguration;
			buildSettings = {
				ALWAYS_SEARCH_USER_PATHS = NO;
				CLANG_ANALYZER_NONNULL = YES;
				CLANG_ANALYZER_NUMBER_OBJECT_CONVERSION = YES_AGGRESSIVE;
				CLANG_CXX_LANGUAGE_STANDARD = "gnu++0x";
				CLANG_CXX_LIBRARY = "libc++";
				CLANG_ENABLE_MODULES = YES;
				CLANG_ENABLE_OBJC_ARC = YES;
				CLANG_WARN_BOOL_CONVERSION = YES;
				CLANG_WARN_CONSTANT_CONVERSION = YES;
				CLANG_WARN_DIRECT_OBJC_ISA_USAGE = YES_ERROR;
				CLANG_WARN_DOCUMENTATION_COMMENTS = YES;
				CLANG_WARN_EMPTY_BODY = YES;
				CLANG_WARN_ENUM_CONVERSION = YES;
				CLANG_WARN_INFINITE_RECURSION = YES;
				CLANG_WARN_INT_CONVERSION = YES;
				CLANG_WARN_OBJC_ROOT_CLASS = YES_ERROR;
				CLANG_WARN_SUSPICIOUS_MOVE = YES;
				CLANG_WARN_UNREACHABLE_CODE = YES;
				CLANG_WARN__DUPLICATE_METHOD_MATCH = YES;
				"CODE_SIGN_IDENTITY[sdk=iphoneos*]" = "iPhone Developer";
				COPY_PHASE_STRIP = NO;
				DEBUG_INFORMATION_FORMAT = dwarf;
				ENABLE_STRICT_OBJC_MSGSEND = YES;
				ENABLE_TESTABILITY = YES;
				GCC_C_LANGUAGE_STANDARD = gnu99;
				GCC_DYNAMIC_NO_PIC = NO;
				GCC_NO_COMMON_BLOCKS = YES;
				GCC_OPTIMIZATION_LEVEL = 0;
				GCC_PREPROCESSOR_DEFINITIONS = (
					"DEBUG=1",
					"$(inherited)",
				);
				GCC_WARN_64_TO_32_BIT_CONVERSION = YES;
				GCC_WARN_ABOUT_RETURN_TYPE = YES_ERROR;
				GCC_WARN_UNDECLARED_SELECTOR = YES;
				GCC_WARN_UNINITIALIZED_AUTOS = YES_AGGRESSIVE;
				GCC_WARN_UNUSED_FUNCTION = YES;
				GCC_WARN_UNUSED_VARIABLE = YES;
				IPHONEOS_DEPLOYMENT_TARGET = 10.3;
				MTL_ENABLE_DEBUG_INFO = YES;
				ONLY_ACTIVE_ARCH = YES;
				SDKROOT = iphoneos;
				TARGETED_DEVICE_FAMILY = "1,2";
			};
			name = Debug;
		};
		3BAA5EEC1ED38D5700587E73 /* Release */ = {
			isa = XCBuildConfiguration;
			buildSettings = {
				ALWAYS_SEARCH_USER_PATHS = NO;
				CLANG_ANALYZER_NONNULL = YES;
				CLANG_ANALYZER_NUMBER_OBJECT_CONVERSION = YES_AGGRESSIVE;
				CLANG_CXX_LANGUAGE_STANDARD = "gnu++0x";
				CLANG_CXX_LIBRARY = "libc++";
				CLANG_ENABLE_MODULES = YES;
				CLANG_ENABLE_OBJC_ARC = YES;
				CLANG_WARN_BOOL_CONVERSION = YES;
				CLANG_WARN_CONSTANT_CONVERSION = YES;
				CLANG_WARN_DIRECT_OBJC_ISA_USAGE = YES_ERROR;
				CLANG_WARN_DOCUMENTATION_COMMENTS = YES;
				CLANG_WARN_EMPTY_BODY = YES;
				CLANG_WARN_ENUM_CONVERSION = YES;
				CLANG_WARN_INFINITE_RECURSION = YES;
				CLANG_WARN_INT_CONVERSION = YES;
				CLANG_WARN_OBJC_ROOT_CLASS = YES_ERROR;
				CLANG_WARN_SUSPICIOUS_MOVE = YES;
				CLANG_WARN_UNREACHABLE_CODE = YES;
				CLANG_WARN__DUPLICATE_METHOD_MATCH = YES;
				"CODE_SIGN_IDENTITY[sdk=iphoneos*]" = "iPhone Developer";
				COPY_PHASE_STRIP = NO;
				DEBUG_INFORMATION_FORMAT = "dwarf-with-dsym";
				ENABLE_NS_ASSERTIONS = NO;
				ENABLE_STRICT_OBJC_MSGSEND = YES;
				GCC_C_LANGUAGE_STANDARD = gnu99;
				GCC_NO_COMMON_BLOCKS = YES;
				GCC_WARN_64_TO_32_BIT_CONVERSION = YES;
				GCC_WARN_ABOUT_RETURN_TYPE = YES_ERROR;
				GCC_WARN_UNDECLARED_SELECTOR = YES;
				GCC_WARN_UNINITIALIZED_AUTOS = YES_AGGRESSIVE;
				GCC_WARN_UNUSED_FUNCTION = YES;
				GCC_WARN_UNUSED_VARIABLE = YES;
				IPHONEOS_DEPLOYMENT_TARGET = 10.3;
				MTL_ENABLE_DEBUG_INFO = NO;
				SDKROOT = iphoneos;
				TARGETED_DEVICE_FAMILY = "1,2";
				VALIDATE_PRODUCT = YES;
			};
			name = Release;
		};
/* End XCBuildConfiguration section */

/* Begin XCConfigurationList section */
		3B16B9841EF0BE8300DD0E68 /* Build configuration list for PBXNativeTarget "TapResearchDemo" */ = {
			isa = XCConfigurationList;
			buildConfigurations = (
				3B16B9851EF0BE8300DD0E68 /* Debug */,
				3B16B9861EF0BE8300DD0E68 /* Release */,
			);
			defaultConfigurationIsVisible = 0;
			defaultConfigurationName = Release;
		};
		3BAA5ED11ED38D5700587E73 /* Build configuration list for PBXProject "TapResearchDemo" */ = {
			isa = XCConfigurationList;
			buildConfigurations = (
				3BAA5EEB1ED38D5700587E73 /* Debug */,
				3BAA5EEC1ED38D5700587E73 /* Release */,
			);
			defaultConfigurationIsVisible = 0;
			defaultConfigurationName = Release;
		};
/* End XCConfigurationList section */
	};
	rootObject = 3BAA5ECE1ED38D5700587E73 /* Project object */;
}
